
Microsoft Visual Studio Solution File, Format Version 12.00
# Visual Studio Version 17
VisualStudioVersion = 17.4.33205.214
MinimumVisualStudioVersion = 10.0.40219.1
Project("{FAE04EC0-301F-11D3-BF4B-00C04F79EFBC}") = "WebApplication1", "WebApplication1\WebApplication1.csproj", "{7C3E42F6-218F-4427-A06D-CFD4DB69BDEB}"
EndProject
Project("{FAE04EC0-301F-11D3-BF4B-00C04F79EFBC}") = "Data", "Data\Data.csproj", "{84253A37-7C87-499A-B2AD-6A241A5DE8B2}"
EndProject
Project("{FAE04EC0-301F-11D3-BF4B-00C04F79EFBC}") = "Entities", "Entities\Entities.csproj", "{696A666D-2CE8-43BB-AE7A-58DC86D13717}"
EndProject
Project("{FAE04EC0-301F-11D3-BF4B-00C04F79EFBC}") = "Logic", "Logic\Logic.csproj", "{66D4F614-7A45-4746-8E29-EE64C8F082A6}"
EndProject
Global
	GlobalSection(SolutionConfigurationPlatforms) = preSolution
		Debug|Any CPU = Debug|Any CPU
		Release|Any CPU = Release|Any CPU
	EndGlobalSection
	GlobalSection(ProjectConfigurationPlatforms) = postSolution
		{7C3E42F6-218F-4427-A06D-CFD4DB69BDEB}.Debug|Any CPU.ActiveCfg = Debug|Any CPU
		{7C3E42F6-218F-4427-A06D-CFD4DB69BDEB}.Debug|Any CPU.Build.0 = Debug|Any CPU
		{7C3E42F6-218F-4427-A06D-CFD4DB69BDEB}.Release|Any CPU.ActiveCfg = Release|Any CPU
		{7C3E42F6-218F-4427-A06D-CFD4DB69BDEB}.Release|Any CPU.Build.0 = Release|Any CPU
		{84253A37-7C87-499A-B2AD-6A241A5DE8B2}.Debug|Any CPU.ActiveCfg = Debug|Any CPU
		{84253A37-7C87-499A-B2AD-6A241A5DE8B2}.Debug|Any CPU.Build.0 = Debug|Any CPU
		{84253A37-7C87-499A-B2AD-6A241A5DE8B2}.Release|Any CPU.ActiveCfg = Release|Any CPU
		{84253A37-7C87-499A-B2AD-6A241A5DE8B2}.Release|Any CPU.Build.0 = Release|Any CPU
		{696A666D-2CE8-43BB-AE7A-58DC86D13717}.Debug|Any CPU.ActiveCfg = Debug|Any CPU
		{696A666D-2CE8-43BB-AE7A-58DC86D13717}.Debug|Any CPU.Build.0 = Debug|Any CPU
		{696A666D-2CE8-43BB-AE7A-58DC86D13717}.Release|Any CPU.ActiveCfg = Release|Any CPU
		{696A666D-2CE8-43BB-AE7A-58DC86D13717}.Release|Any CPU.Build.0 = Release|Any CPU
		{66D4F614-7A45-4746-8E29-EE64C8F082A6}.Debug|Any CPU.ActiveCfg = Debug|Any CPU
		{66D4F614-7A45-4746-8E29-EE64C8F082A6}.Debug|Any CPU.Build.0 = Debug|Any CPU
		{66D4F614-7A45-4746-8E29-EE64C8F082A6}.Release|Any CPU.ActiveCfg = Release|Any CPU
		{66D4F614-7A45-4746-8E29-EE64C8F082A6}.Release|Any CPU.Build.0 = Release|Any CPU
	EndGlobalSection
	GlobalSection(SolutionProperties) = preSolution
		HideSolutionNode = FALSE
	EndGlobalSection
	GlobalSection(ExtensibilityGlobals) = postSolution
		SolutionGuid = {5AFE8832-06EA-49CF-ACE0-BC318F6745BF}
	EndGlobalSection
EndGlobal
